
Microsoft Visual Studio Solution File, Format Version 12.00
# Visual Studio Version 16
VisualStudioVersion = 16.0.31410.357
MinimumVisualStudioVersion = 10.0.40219.1
Project("{FAE04EC0-301F-11D3-BF4B-00C04F79EFBC}") = "CalendarApp_Backend", "CalendarApp_Backend\CalendarApp_Backend.csproj", "{C71FB20A-8231-46FE-96D6-D4E053B0258B}"
EndProject
Global
	GlobalSection(SolutionConfigurationPlatforms) = preSolution
		Debug|Any CPU = Debug|Any CPU
		Release|Any CPU = Release|Any CPU
	EndGlobalSection
	GlobalSection(ProjectConfigurationPlatforms) = postSolution
		{C71FB20A-8231-46FE-96D6-D4E053B0258B}.Debug|Any CPU.ActiveCfg = Debug|Any CPU
		{C71FB20A-8231-46FE-96D6-D4E053B0258B}.Debug|Any CPU.Build.0 = Debug|Any CPU
		{C71FB20A-8231-46FE-96D6-D4E053B0258B}.Release|Any CPU.ActiveCfg = Release|Any CPU
		{C71FB20A-8231-46FE-96D6-D4E053B0258B}.Release|Any CPU.Build.0 = Release|Any CPU
	EndGlobalSection
	GlobalSection(SolutionProperties) = preSolution
		HideSolutionNode = FALSE
	EndGlobalSection
	GlobalSection(ExtensibilityGlobals) = postSolution
		SolutionGuid = {DA55FDB0-91F5-47AC-921E-5B03F2B73121}
	EndGlobalSection
EndGlobal
